{
  "name": "poloniex",
  "version": "1.0.0",
  "lockfileVersion": 1,
  "dependencies": {
    "rambda": {
      "version": "0.7.0",
      "resolved": "https://registry.npmjs.org/rambda/-/rambda-0.7.0.tgz",
      "integrity": "sha512-avR3AwAfXMA/QQSHswMWyh1s9hD8VxIw77Zs6KGUVSZAK0f8HaJhihk0miwSGHXsTf3LnxPw0LsXNTLxmUFl4w=="
    }
  }
}
