# THIS IS AN AUTOGENERATED FILE. DO NOT EDIT THIS FILE DIRECTLY.
# yarn lockfile v1


"@types/ramda@^0.25.7":
  version "0.25.7"
  resolved "https://registry.yarnpkg.com/@types/ramda/-/ramda-0.25.7.tgz#3238f53ddb4c6315ea97316582af755cb9528a5a"

ramda@^0.25.0:
  version "0.25.0"
  resolved "https://registry.yarnpkg.com/ramda/-/ramda-0.25.0.tgz#8fdf68231cffa90bc2f9460390a0cb74a29b29a9"
